
Microsoft Visual Studio Solution File, Format Version 12.00
# Visual Studio Version 17
VisualStudioVersion = 17.12.35527.113 d17.12
MinimumVisualStudioVersion = 10.0.40219.1
Project("{FAE04EC0-301F-11D3-BF4B-00C04F79EFBC}") = "cS1", "cS1.csproj", "{B01DE2DC-4553-4FFB-AA17-F6FDDCB97860}"
EndProject
Global
	GlobalSection(SolutionConfigurationPlatforms) = preSolution
		Debug|Any CPU = Debug|Any CPU
		Release|Any CPU = Release|Any CPU
	EndGlobalSection
	GlobalSection(ProjectConfigurationPlatforms) = postSolution
		{B01DE2DC-4553-4FFB-AA17-F6FDDCB97860}.Debug|Any CPU.ActiveCfg = Debug|Any CPU
		{B01DE2DC-4553-4FFB-AA17-F6FDDCB97860}.Debug|Any CPU.Build.0 = Debug|Any CPU
		{B01DE2DC-4553-4FFB-AA17-F6FDDCB97860}.Release|Any CPU.ActiveCfg = Release|Any CPU
		{B01DE2DC-4553-4FFB-AA17-F6FDDCB97860}.Release|Any CPU.Build.0 = Release|Any CPU
	EndGlobalSection
	GlobalSection(SolutionProperties) = preSolution
		HideSolutionNode = FALSE
	EndGlobalSection
EndGlobal
